
Microsoft Visual Studio Solution File, Format Version 12.00
# Visual Studio Version 17
VisualStudioVersion = 17.8.34525.116
MinimumVisualStudioVersion = 10.0.40219.1
Project("{FAE04EC0-301F-11D3-BF4B-00C04F79EFBC}") = "StudentMarksRecord", "StudentMarksRecord\StudentMarksRecord.csproj", "{45011356-7380-4047-851A-A5E309833ECB}"
EndProject
Global
	GlobalSection(SolutionConfigurationPlatforms) = preSolution
		Debug|Any CPU = Debug|Any CPU
		Release|Any CPU = Release|Any CPU
	EndGlobalSection
	GlobalSection(ProjectConfigurationPlatforms) = postSolution
		{45011356-7380-4047-851A-A5E309833ECB}.Debug|Any CPU.ActiveCfg = Debug|Any CPU
		{45011356-7380-4047-851A-A5E309833ECB}.Debug|Any CPU.Build.0 = Debug|Any CPU
		{45011356-7380-4047-851A-A5E309833ECB}.Release|Any CPU.ActiveCfg = Release|Any CPU
		{45011356-7380-4047-851A-A5E309833ECB}.Release|Any CPU.Build.0 = Release|Any CPU
	EndGlobalSection
	GlobalSection(SolutionProperties) = preSolution
		HideSolutionNode = FALSE
	EndGlobalSection
	GlobalSection(ExtensibilityGlobals) = postSolution
		SolutionGuid = {82B1C18F-8C42-4FB1-9130-00F6E6F25F82}
	EndGlobalSection
EndGlobal
